# This file is automatically @generated by Cargo.
# It is not intended for manual editing.
version = 4

[[package]]
name = "denju"
version = "0.0.0"
dependencies = [
 "denju-client",
 "denju-core",
 "denju-local",
 "denju-sync",
 "denju-wire",
]

[[package]]
name = "denju-client"
version = "0.0.0"
dependencies = [
 "denju-core",
 "denju-wire",
]

[[package]]
name = "denju-core"
version = "0.0.0"

[[package]]
name = "denju-local"
version = "0.0.0"
dependencies = [
 "denju-core",
 "denju-sync",
]

[[package]]
name = "denju-registry"
version = "0.0.0"
dependencies = [
 "denju-core",
 "denju-wire",
]

[[package]]
name = "denju-server"
version = "0.0.0"
dependencies = [
 "denju-core",
 "denju-registry",
 "denju-wire",
]

[[package]]
name = "denju-sync"
version = "0.0.0"
dependencies = [
 "denju-core",
]

[[package]]
name = "denju-testkit"
version = "0.0.0"
dependencies = [
 "denju-core",
 "denju-wire",
]

[[package]]
name = "denju-wire"
version = "0.0.0"
dependencies = [
 "denju-core",
]

[[package]]
name = "xtask"
version = "0.0.0"
